
Microsoft Visual Studio Solution File, Format Version 12.00
# Visual Studio Version 17
VisualStudioVersion = 17.11.35219.272
MinimumVisualStudioVersion = 10.0.40219.1
Project("{FAE04EC0-301F-11D3-BF4B-00C04F79EFBC}") = "Villa.WebUI", "Villa.WebUI\Villa.WebUI.csproj", "{D1BFD364-7FA8-43CF-B4AB-9C37C57F9BB4}"
EndProject
Project("{FAE04EC0-301F-11D3-BF4B-00C04F79EFBC}") = "Villa.DataAccess", "Villa.DataAccess\Villa.DataAccess.csproj", "{14C1DB83-7FF9-40FB-949A-EFC7447AAED3}"
EndProject
Project("{FAE04EC0-301F-11D3-BF4B-00C04F79EFBC}") = "Villa.Entity", "Villa.Entity\Villa.Entity.csproj", "{17812BAC-91B2-4CCD-A91D-8EF1F1EED635}"
EndProject
Project("{FAE04EC0-301F-11D3-BF4B-00C04F79EFBC}") = "Villa.Dto", "Villa.Dto\Villa.Dto.csproj", "{2EF6DF62-2458-4868-992A-1A80AF2D0543}"
EndProject
Project("{FAE04EC0-301F-11D3-BF4B-00C04F79EFBC}") = "Villa.Business", "Villa.Business\Villa.Business.csproj", "{72B8D059-7C8A-4AF2-B531-8C72CF160318}"
EndProject
Global
	GlobalSection(SolutionConfigurationPlatforms) = preSolution
		Debug|Any CPU = Debug|Any CPU
		Release|Any CPU = Release|Any CPU
	EndGlobalSection
	GlobalSection(ProjectConfigurationPlatforms) = postSolution
		{D1BFD364-7FA8-43CF-B4AB-9C37C57F9BB4}.Debug|Any CPU.ActiveCfg = Debug|Any CPU
		{D1BFD364-7FA8-43CF-B4AB-9C37C57F9BB4}.Debug|Any CPU.Build.0 = Debug|Any CPU
		{D1BFD364-7FA8-43CF-B4AB-9C37C57F9BB4}.Release|Any CPU.ActiveCfg = Release|Any CPU
		{D1BFD364-7FA8-43CF-B4AB-9C37C57F9BB4}.Release|Any CPU.Build.0 = Release|Any CPU
		{14C1DB83-7FF9-40FB-949A-EFC7447AAED3}.Debug|Any CPU.ActiveCfg = Debug|Any CPU
		{14C1DB83-7FF9-40FB-949A-EFC7447AAED3}.Debug|Any CPU.Build.0 = Debug|Any CPU
		{14C1DB83-7FF9-40FB-949A-EFC7447AAED3}.Release|Any CPU.ActiveCfg = Release|Any CPU
		{14C1DB83-7FF9-40FB-949A-EFC7447AAED3}.Release|Any CPU.Build.0 = Release|Any CPU
		{17812BAC-91B2-4CCD-A91D-8EF1F1EED635}.Debug|Any CPU.ActiveCfg = Debug|Any CPU
		{17812BAC-91B2-4CCD-A91D-8EF1F1EED635}.Debug|Any CPU.Build.0 = Debug|Any CPU
		{17812BAC-91B2-4CCD-A91D-8EF1F1EED635}.Release|Any CPU.ActiveCfg = Release|Any CPU
		{17812BAC-91B2-4CCD-A91D-8EF1F1EED635}.Release|Any CPU.Build.0 = Release|Any CPU
		{2EF6DF62-2458-4868-992A-1A80AF2D0543}.Debug|Any CPU.ActiveCfg = Debug|Any CPU
		{2EF6DF62-2458-4868-992A-1A80AF2D0543}.Debug|Any CPU.Build.0 = Debug|Any CPU
		{2EF6DF62-2458-4868-992A-1A80AF2D0543}.Release|Any CPU.ActiveCfg = Release|Any CPU
		{2EF6DF62-2458-4868-992A-1A80AF2D0543}.Release|Any CPU.Build.0 = Release|Any CPU
		{72B8D059-7C8A-4AF2-B531-8C72CF160318}.Debug|Any CPU.ActiveCfg = Debug|Any CPU
		{72B8D059-7C8A-4AF2-B531-8C72CF160318}.Debug|Any CPU.Build.0 = Debug|Any CPU
		{72B8D059-7C8A-4AF2-B531-8C72CF160318}.Release|Any CPU.ActiveCfg = Release|Any CPU
		{72B8D059-7C8A-4AF2-B531-8C72CF160318}.Release|Any CPU.Build.0 = Release|Any CPU
	EndGlobalSection
	GlobalSection(SolutionProperties) = preSolution
		HideSolutionNode = FALSE
	EndGlobalSection
	GlobalSection(ExtensibilityGlobals) = postSolution
		SolutionGuid = {C362F4FD-464C-4623-9867-8DB67EA45B5A}
	EndGlobalSection
EndGlobal
